# This file is automatically @generated by Poetry 2.2.1 and should not be changed by hand.

[[package]]
name = "poetry-core"
version = "2.2.1"
description = "Poetry PEP 517 Build Backend"
optional = false
python-versions = "<4.0,>=3.9"
groups = ["main"]
files = [
    {file = "poetry_core-2.2.1-py3-none-any.whl", hash = "sha256:bdfce710edc10bfcf9ab35041605c480829be4ab23f5bc01202cfe5db8f125ab"},
    {file = "poetry_core-2.2.1.tar.gz", hash = "sha256:97e50d8593c8729d3f49364b428583e044087ee3def1e010c6496db76bd65ac5"},
]

[[package]]
name = "python-dotenv"
version = "1.1.1"
description = "Read key-value pairs from a .env file and set them as environment variables"
optional = false
python-versions = ">=3.9"
groups = ["main"]
files = [
    {file = "python_dotenv-1.1.1-py3-none-any.whl", hash = "sha256:31f23644fe2602f88ff55e1f5c79ba497e01224ee7737937930c448e4d0e24dc"},
    {file = "python_dotenv-1.1.1.tar.gz", hash = "sha256:a8a6399716257f45be6a007360200409fce5cda2661e3dec71d23dc15f6189ab"},
]

[package.extras]
cli = ["click (>=5.0)"]

[metadata]
lock-version = "2.1"
python-versions = ">=3.13,<4.0"
content-hash = "55e8e8f39c51740a0936679f89f72f9f4d3ae3acaeafc87371d89062b478399a"
